
Microsoft Visual Studio Solution File, Format Version 12.00
# Visual Studio Version 16
VisualStudioVersion = 16.0.33130.400
MinimumVisualStudioVersion = 10.0.40219.1
Project("{FAE04EC0-301F-11D3-BF4B-00C04F79EFBC}") = "Very_big_sum", "Very_big_sum\Very_big_sum.csproj", "{D39BC90D-78B1-4188-93A7-BEBC0732E80E}"
EndProject
Global
	GlobalSection(SolutionConfigurationPlatforms) = preSolution
		Debug|Any CPU = Debug|Any CPU
		Release|Any CPU = Release|Any CPU
	EndGlobalSection
	GlobalSection(ProjectConfigurationPlatforms) = postSolution
		{D39BC90D-78B1-4188-93A7-BEBC0732E80E}.Debug|Any CPU.ActiveCfg = Debug|Any CPU
		{D39BC90D-78B1-4188-93A7-BEBC0732E80E}.Debug|Any CPU.Build.0 = Debug|Any CPU
		{D39BC90D-78B1-4188-93A7-BEBC0732E80E}.Release|Any CPU.ActiveCfg = Release|Any CPU
		{D39BC90D-78B1-4188-93A7-BEBC0732E80E}.Release|Any CPU.Build.0 = Release|Any CPU
	EndGlobalSection
	GlobalSection(SolutionProperties) = preSolution
		HideSolutionNode = FALSE
	EndGlobalSection
	GlobalSection(ExtensibilityGlobals) = postSolution
		SolutionGuid = {27FEC244-76E3-481E-B806-95B7A1713671}
	EndGlobalSection
EndGlobal
