
Microsoft Visual Studio Solution File, Format Version 12.00
# Visual Studio Version 16
VisualStudioVersion = 16.0.33130.400
MinimumVisualStudioVersion = 10.0.40219.1
Project("{FAE04EC0-301F-11D3-BF4B-00C04F79EFBC}") = "Birthday_cake_candles", "Birthday_cake_candles\Birthday_cake_candles.csproj", "{D3A389E5-BA14-4D9F-8D99-8ED4DC16D53E}"
EndProject
Global
	GlobalSection(SolutionConfigurationPlatforms) = preSolution
		Debug|Any CPU = Debug|Any CPU
		Release|Any CPU = Release|Any CPU
	EndGlobalSection
	GlobalSection(ProjectConfigurationPlatforms) = postSolution
		{D3A389E5-BA14-4D9F-8D99-8ED4DC16D53E}.Debug|Any CPU.ActiveCfg = Debug|Any CPU
		{D3A389E5-BA14-4D9F-8D99-8ED4DC16D53E}.Debug|Any CPU.Build.0 = Debug|Any CPU
		{D3A389E5-BA14-4D9F-8D99-8ED4DC16D53E}.Release|Any CPU.ActiveCfg = Release|Any CPU
		{D3A389E5-BA14-4D9F-8D99-8ED4DC16D53E}.Release|Any CPU.Build.0 = Release|Any CPU
	EndGlobalSection
	GlobalSection(SolutionProperties) = preSolution
		HideSolutionNode = FALSE
	EndGlobalSection
	GlobalSection(ExtensibilityGlobals) = postSolution
		SolutionGuid = {12B0B75E-8B5E-4345-BE76-78BE804F90E4}
	EndGlobalSection
EndGlobal
