
Microsoft Visual Studio Solution File, Format Version 12.00
# Visual Studio Version 16
VisualStudioVersion = 16.0.33130.400
MinimumVisualStudioVersion = 10.0.40219.1
Project("{FAE04EC0-301F-11D3-BF4B-00C04F79EFBC}") = "Diagonal_difference", "Diagonal_difference\Diagonal_difference.csproj", "{88F45688-0431-4868-89A8-215663E261F9}"
EndProject
Global
	GlobalSection(SolutionConfigurationPlatforms) = preSolution
		Debug|Any CPU = Debug|Any CPU
		Release|Any CPU = Release|Any CPU
	EndGlobalSection
	GlobalSection(ProjectConfigurationPlatforms) = postSolution
		{88F45688-0431-4868-89A8-215663E261F9}.Debug|Any CPU.ActiveCfg = Debug|Any CPU
		{88F45688-0431-4868-89A8-215663E261F9}.Debug|Any CPU.Build.0 = Debug|Any CPU
		{88F45688-0431-4868-89A8-215663E261F9}.Release|Any CPU.ActiveCfg = Release|Any CPU
		{88F45688-0431-4868-89A8-215663E261F9}.Release|Any CPU.Build.0 = Release|Any CPU
	EndGlobalSection
	GlobalSection(SolutionProperties) = preSolution
		HideSolutionNode = FALSE
	EndGlobalSection
	GlobalSection(ExtensibilityGlobals) = postSolution
		SolutionGuid = {F8D34546-E3A5-45BB-93C0-A80DEB23B3C7}
	EndGlobalSection
EndGlobal
