
Microsoft Visual Studio Solution File, Format Version 12.00
# Visual Studio Version 16
VisualStudioVersion = 16.0.33130.400
MinimumVisualStudioVersion = 10.0.40219.1
Project("{FAE04EC0-301F-11D3-BF4B-00C04F79EFBC}") = "Compare_the_triplets", "Compare_the_triplets\Compare_the_triplets.csproj", "{4634DF26-6E36-4B45-BA8E-3D42C36F4C43}"
EndProject
Global
	GlobalSection(SolutionConfigurationPlatforms) = preSolution
		Debug|Any CPU = Debug|Any CPU
		Release|Any CPU = Release|Any CPU
	EndGlobalSection
	GlobalSection(ProjectConfigurationPlatforms) = postSolution
		{4634DF26-6E36-4B45-BA8E-3D42C36F4C43}.Debug|Any CPU.ActiveCfg = Debug|Any CPU
		{4634DF26-6E36-4B45-BA8E-3D42C36F4C43}.Debug|Any CPU.Build.0 = Debug|Any CPU
		{4634DF26-6E36-4B45-BA8E-3D42C36F4C43}.Release|Any CPU.ActiveCfg = Release|Any CPU
		{4634DF26-6E36-4B45-BA8E-3D42C36F4C43}.Release|Any CPU.Build.0 = Release|Any CPU
	EndGlobalSection
	GlobalSection(SolutionProperties) = preSolution
		HideSolutionNode = FALSE
	EndGlobalSection
	GlobalSection(ExtensibilityGlobals) = postSolution
		SolutionGuid = {9C73DDD4-04BC-4C6D-BE2E-8668E4B82CF0}
	EndGlobalSection
EndGlobal
