
Microsoft Visual Studio Solution File, Format Version 12.00
# Visual Studio Version 16
VisualStudioVersion = 16.0.33130.400
MinimumVisualStudioVersion = 10.0.40219.1
Project("{FAE04EC0-301F-11D3-BF4B-00C04F79EFBC}") = "Mini_max_sum", "Mini_max_sum\Mini_max_sum.csproj", "{5C75F24E-91E9-4431-BA44-84CB37EDC554}"
EndProject
Global
	GlobalSection(SolutionConfigurationPlatforms) = preSolution
		Debug|Any CPU = Debug|Any CPU
		Release|Any CPU = Release|Any CPU
	EndGlobalSection
	GlobalSection(ProjectConfigurationPlatforms) = postSolution
		{5C75F24E-91E9-4431-BA44-84CB37EDC554}.Debug|Any CPU.ActiveCfg = Debug|Any CPU
		{5C75F24E-91E9-4431-BA44-84CB37EDC554}.Debug|Any CPU.Build.0 = Debug|Any CPU
		{5C75F24E-91E9-4431-BA44-84CB37EDC554}.Release|Any CPU.ActiveCfg = Release|Any CPU
		{5C75F24E-91E9-4431-BA44-84CB37EDC554}.Release|Any CPU.Build.0 = Release|Any CPU
	EndGlobalSection
	GlobalSection(SolutionProperties) = preSolution
		HideSolutionNode = FALSE
	EndGlobalSection
	GlobalSection(ExtensibilityGlobals) = postSolution
		SolutionGuid = {D577D604-0DE4-46BB-ACBE-B5C6A0A6BD87}
	EndGlobalSection
EndGlobal
